Microsoft Visual Studio Solution File, Format Version 12.00
# Visual Studio Version 17
VisualStudioVersion = 17.5.2.0
MinimumVisualStudioVersion = 10.0.40219.1
Project("{FAE04EC0-301F-11D3-BF4B-00C04F79EFBC}") = "TimeTableGenerator", "TimeTableGenerator.csproj", "{0D8BC79D-FA06-FCEB-CAC4-530FB0043A16}"
EndProject
Global
	GlobalSection(SolutionConfigurationPlatforms) = preSolution
		Debug|Any CPU = Debug|Any CPU
		Release|Any CPU = Release|Any CPU
	EndGlobalSection
	GlobalSection(ProjectConfigurationPlatforms) = postSolution
		{0D8BC79D-FA06-FCEB-CAC4-530FB0043A16}.Debug|Any CPU.ActiveCfg = Debug|Any CPU
		{0D8BC79D-FA06-FCEB-CAC4-530FB0043A16}.Debug|Any CPU.Build.0 = Debug|Any CPU
		{0D8BC79D-FA06-FCEB-CAC4-530FB0043A16}.Release|Any CPU.ActiveCfg = Release|Any CPU
		{0D8BC79D-FA06-FCEB-CAC4-530FB0043A16}.Release|Any CPU.Build.0 = Release|Any CPU
	EndGlobalSection
	GlobalSection(SolutionProperties) = preSolution
		HideSolutionNode = FALSE
	EndGlobalSection
	GlobalSection(ExtensibilityGlobals) = postSolution
		SolutionGuid = {8804B3EB-4466-48D7-8426-3A2ED3E97094}
	EndGlobalSection
EndGlobal
